
Microsoft Visual Studio Solution File, Format Version 12.00
# Visual Studio 14
VisualStudioVersion = 14.0.25420.1
MinimumVisualStudioVersion = 10.0.40219.1
Project("{2150E333-8FDC-42A3-9474-1A3956D46DE8}") = "sln", "sln", "{C881F3FE-41E5-48F3-8E04-19B0C7489085}"
EndProject
Project("{2150E333-8FDC-42A3-9474-1A3956D46DE8}") = "dependencies", "dependencies", "{6F0F11B3-9A12-4982-A6FE-CFFB35637320}"
	ProjectSection(SolutionItems) = preProject
		paket.dependencies = paket.dependencies
		paket.lock = paket.lock
	EndProjectSection
EndProject
Project("{2150E333-8FDC-42A3-9474-1A3956D46DE8}") = "tests", "tests", "{CB16A969-44EC-49EA-ADF5-9F950D7E716D}"
	ProjectSection(SolutionItems) = preProject
		tests\Freya.Benchmarks.Async\Freya.Benchmarks.Async.fsproj.paket.references = tests\Freya.Benchmarks.Async\Freya.Benchmarks.Async.fsproj.paket.references
		tests\Freya.Benchmarks\Freya.Benchmarks.fsproj.paket.references = tests\Freya.Benchmarks\Freya.Benchmarks.fsproj.paket.references
		tests\Freya.Benchmarks.Hopac\Freya.Benchmarks.Hopac.fsproj.paket.references = tests\Freya.Benchmarks.Hopac\Freya.Benchmarks.Hopac.fsproj.paket.references
	EndProjectSection
EndProject
Project("{2150E333-8FDC-42A3-9474-1A3956D46DE8}") = "build", "build", "{FD39E724-0A5B-47F5-B3E1-F5F662887277}"
	ProjectSection(SolutionItems) = preProject
		build.cmd = build.cmd
	EndProjectSection
EndProject
Project("{2150E333-8FDC-42A3-9474-1A3956D46DE8}") = "variants", "variants", "{9815509B-202A-40DD-AC0B-8992797FA43B}"
EndProject
Project("{2150E333-8FDC-42A3-9474-1A3956D46DE8}") = "katana", "katana", "{1F9DE200-08BD-4624-9941-4F7A1E09C241}"
EndProject
Project("{2150E333-8FDC-42A3-9474-1A3956D46DE8}") = "kestrel", "kestrel", "{3A0CA41B-56DA-4F47-A8AB-B7AD28386E40}"
EndProject
Project("{F2A71F9B-5D33-465A-A702-920D77279786}") = "Freya", "tests\katana\Freya\Freya.fsproj", "{41918C5F-8D15-4AA3-B803-E3FA1DFBA8D8}"
EndProject
Project("{2150E333-8FDC-42A3-9474-1A3956D46DE8}") = "tests", "tests", "{08F46E3A-D31E-4868-8087-82D23D185566}"
EndProject
Project("{F2A71F9B-5D33-465A-A702-920D77279786}") = "Freya.Hopac", "tests\katana\Freya.Hopac\Freya.Hopac.fsproj", "{F207BEAF-E4F2-4ECE-B826-658899EF5088}"
EndProject
Global
	GlobalSection(SolutionConfigurationPlatforms) = preSolution
		Debug|Any CPU = Debug|Any CPU
		Release|Any CPU = Release|Any CPU
	EndGlobalSection
	GlobalSection(ProjectConfigurationPlatforms) = postSolution
		{41918C5F-8D15-4AA3-B803-E3FA1DFBA8D8}.Debug|Any CPU.ActiveCfg = Debug|Any CPU
		{41918C5F-8D15-4AA3-B803-E3FA1DFBA8D8}.Debug|Any CPU.Build.0 = Debug|Any CPU
		{41918C5F-8D15-4AA3-B803-E3FA1DFBA8D8}.Release|Any CPU.ActiveCfg = Release|Any CPU
		{41918C5F-8D15-4AA3-B803-E3FA1DFBA8D8}.Release|Any CPU.Build.0 = Release|Any CPU
		{F207BEAF-E4F2-4ECE-B826-658899EF5088}.Debug|Any CPU.ActiveCfg = Debug|Any CPU
		{F207BEAF-E4F2-4ECE-B826-658899EF5088}.Debug|Any CPU.Build.0 = Debug|Any CPU
		{F207BEAF-E4F2-4ECE-B826-658899EF5088}.Release|Any CPU.ActiveCfg = Release|Any CPU
		{F207BEAF-E4F2-4ECE-B826-658899EF5088}.Release|Any CPU.Build.0 = Release|Any CPU
	EndGlobalSection
	GlobalSection(SolutionProperties) = preSolution
		HideSolutionNode = FALSE
	EndGlobalSection
	GlobalSection(NestedProjects) = preSolution
		{6F0F11B3-9A12-4982-A6FE-CFFB35637320} = {C881F3FE-41E5-48F3-8E04-19B0C7489085}
		{CB16A969-44EC-49EA-ADF5-9F950D7E716D} = {6F0F11B3-9A12-4982-A6FE-CFFB35637320}
		{FD39E724-0A5B-47F5-B3E1-F5F662887277} = {C881F3FE-41E5-48F3-8E04-19B0C7489085}
		{1F9DE200-08BD-4624-9941-4F7A1E09C241} = {9815509B-202A-40DD-AC0B-8992797FA43B}
		{3A0CA41B-56DA-4F47-A8AB-B7AD28386E40} = {9815509B-202A-40DD-AC0B-8992797FA43B}
		{41918C5F-8D15-4AA3-B803-E3FA1DFBA8D8} = {08F46E3A-D31E-4868-8087-82D23D185566}
		{08F46E3A-D31E-4868-8087-82D23D185566} = {1F9DE200-08BD-4624-9941-4F7A1E09C241}
		{F207BEAF-E4F2-4ECE-B826-658899EF5088} = {08F46E3A-D31E-4868-8087-82D23D185566}
	EndGlobalSection
EndGlobal
